
Microsoft Visual Studio Solution File, Format Version 12.00
# Visual Studio Version 17
VisualStudioVersion = 17.13.35919.96 d17.13
MinimumVisualStudioVersion = 10.0.40219.1
Project("{FAE04EC0-301F-11D3-BF4B-00C04F79EFBC}") = "AccessModifiers", "AccessModifiers\AccessModifiers.csproj", "{45960016-CA79-412D-A28C-B982ECB4ED1C}"
EndProject
Project("{FAE04EC0-301F-11D3-BF4B-00C04F79EFBC}") = "Models", "Models\Models.csproj", "{0D0237C8-5B57-4360-9C9F-D76E3CABFBCC}"
EndProject
Global
	GlobalSection(SolutionConfigurationPlatforms) = preSolution
		Debug|Any CPU = Debug|Any CPU
		Release|Any CPU = Release|Any CPU
	EndGlobalSection
	GlobalSection(ProjectConfigurationPlatforms) = postSolution
		{45960016-CA79-412D-A28C-B982ECB4ED1C}.Debug|Any CPU.ActiveCfg = Debug|Any CPU
		{45960016-CA79-412D-A28C-B982ECB4ED1C}.Debug|Any CPU.Build.0 = Debug|Any CPU
		{45960016-CA79-412D-A28C-B982ECB4ED1C}.Release|Any CPU.ActiveCfg = Release|Any CPU
		{45960016-CA79-412D-A28C-B982ECB4ED1C}.Release|Any CPU.Build.0 = Release|Any CPU
		{0D0237C8-5B57-4360-9C9F-D76E3CABFBCC}.Debug|Any CPU.ActiveCfg = Debug|Any CPU
		{0D0237C8-5B57-4360-9C9F-D76E3CABFBCC}.Debug|Any CPU.Build.0 = Debug|Any CPU
		{0D0237C8-5B57-4360-9C9F-D76E3CABFBCC}.Release|Any CPU.ActiveCfg = Release|Any CPU
		{0D0237C8-5B57-4360-9C9F-D76E3CABFBCC}.Release|Any CPU.Build.0 = Release|Any CPU
	EndGlobalSection
	GlobalSection(SolutionProperties) = preSolution
		HideSolutionNode = FALSE
	EndGlobalSection
	GlobalSection(ExtensibilityGlobals) = postSolution
		SolutionGuid = {2ED51B80-A8BC-418D-9100-B5AFB634C4AA}
	EndGlobalSection
EndGlobal
