
Microsoft Visual Studio Solution File, Format Version 12.00
# Visual Studio Version 17
VisualStudioVersion = 17.13.35919.96 d17.13
MinimumVisualStudioVersion = 10.0.40219.1
Project("{FAE04EC0-301F-11D3-BF4B-00C04F79EFBC}") = "Signal", "Signal\Signal.csproj", "{081E3813-2E41-46DE-BC2B-32CC1F911F05}"
EndProject
Global
	GlobalSection(SolutionConfigurationPlatforms) = preSolution
		Debug|Any CPU = Debug|Any CPU
		Release|Any CPU = Release|Any CPU
	EndGlobalSection
	GlobalSection(ProjectConfigurationPlatforms) = postSolution
		{081E3813-2E41-46DE-BC2B-32CC1F911F05}.Debug|Any CPU.ActiveCfg = Debug|Any CPU
		{081E3813-2E41-46DE-BC2B-32CC1F911F05}.Debug|Any CPU.Build.0 = Debug|Any CPU
		{081E3813-2E41-46DE-BC2B-32CC1F911F05}.Release|Any CPU.ActiveCfg = Release|Any CPU
		{081E3813-2E41-46DE-BC2B-32CC1F911F05}.Release|Any CPU.Build.0 = Release|Any CPU
	EndGlobalSection
	GlobalSection(SolutionProperties) = preSolution
		HideSolutionNode = FALSE
	EndGlobalSection
	GlobalSection(ExtensibilityGlobals) = postSolution
		SolutionGuid = {6396A520-0905-49E3-8550-74381AA04A0D}
	EndGlobalSection
EndGlobal
