
Microsoft Visual Studio Solution File, Format Version 12.00
# Visual Studio Version 17
VisualStudioVersion = 17.13.35931.197 d17.13
MinimumVisualStudioVersion = 10.0.40219.1
Project("{FAE04EC0-301F-11D3-BF4B-00C04F79EFBC}") = "DapperPracticeApp", "DapperPracticeApp\DapperPracticeApp.csproj", "{2B37B0FC-5B06-4654-BE75-226609FB65BA}"
EndProject
Global
	GlobalSection(SolutionConfigurationPlatforms) = preSolution
		Debug|Any CPU = Debug|Any CPU
		Release|Any CPU = Release|Any CPU
	EndGlobalSection
	GlobalSection(ProjectConfigurationPlatforms) = postSolution
		{2B37B0FC-5B06-4654-BE75-226609FB65BA}.Debug|Any CPU.ActiveCfg = Debug|Any CPU
		{2B37B0FC-5B06-4654-BE75-226609FB65BA}.Debug|Any CPU.Build.0 = Debug|Any CPU
		{2B37B0FC-5B06-4654-BE75-226609FB65BA}.Release|Any CPU.ActiveCfg = Release|Any CPU
		{2B37B0FC-5B06-4654-BE75-226609FB65BA}.Release|Any CPU.Build.0 = Release|Any CPU
	EndGlobalSection
	GlobalSection(SolutionProperties) = preSolution
		HideSolutionNode = FALSE
	EndGlobalSection
	GlobalSection(ExtensibilityGlobals) = postSolution
		SolutionGuid = {467285A9-7DFB-4D18-9A01-9780AF3075F8}
	EndGlobalSection
EndGlobal
