
Microsoft Visual Studio Solution File, Format Version 12.00
# Visual Studio Version 17
VisualStudioVersion = 17.13.35931.197 d17.13
MinimumVisualStudioVersion = 10.0.40219.1
Project("{FAE04EC0-301F-11D3-BF4B-00C04F79EFBC}") = "TechanApp", "TechanApp\TechanApp.csproj", "{FAE8908E-BD65-41B4-8E50-F9AF13F69040}"
EndProject
Global
	GlobalSection(SolutionConfigurationPlatforms) = preSolution
		Debug|Any CPU = Debug|Any CPU
		Release|Any CPU = Release|Any CPU
	EndGlobalSection
	GlobalSection(ProjectConfigurationPlatforms) = postSolution
		{FAE8908E-BD65-41B4-8E50-F9AF13F69040}.Debug|Any CPU.ActiveCfg = Debug|Any CPU
		{FAE8908E-BD65-41B4-8E50-F9AF13F69040}.Debug|Any CPU.Build.0 = Debug|Any CPU
		{FAE8908E-BD65-41B4-8E50-F9AF13F69040}.Release|Any CPU.ActiveCfg = Release|Any CPU
		{FAE8908E-BD65-41B4-8E50-F9AF13F69040}.Release|Any CPU.Build.0 = Release|Any CPU
	EndGlobalSection
	GlobalSection(SolutionProperties) = preSolution
		HideSolutionNode = FALSE
	EndGlobalSection
	GlobalSection(ExtensibilityGlobals) = postSolution
		SolutionGuid = {5E750446-3B74-4D60-AA38-ED61845E6BE2}
	EndGlobalSection
EndGlobal
