
Microsoft Visual Studio Solution File, Format Version 12.00
# Visual Studio Version 17
VisualStudioVersion = 17.13.35931.197 d17.13
MinimumVisualStudioVersion = 10.0.40219.1
Project("{FAE04EC0-301F-11D3-BF4B-00C04F79EFBC}") = "EdgecutTemplate", "EdgecutTemplate\EdgecutTemplate.csproj", "{23222C5E-855D-4FDB-B7DF-485715F0EFA8}"
EndProject
Global
	GlobalSection(SolutionConfigurationPlatforms) = preSolution
		Debug|Any CPU = Debug|Any CPU
		Release|Any CPU = Release|Any CPU
	EndGlobalSection
	GlobalSection(ProjectConfigurationPlatforms) = postSolution
		{23222C5E-855D-4FDB-B7DF-485715F0EFA8}.Debug|Any CPU.ActiveCfg = Debug|Any CPU
		{23222C5E-855D-4FDB-B7DF-485715F0EFA8}.Debug|Any CPU.Build.0 = Debug|Any CPU
		{23222C5E-855D-4FDB-B7DF-485715F0EFA8}.Release|Any CPU.ActiveCfg = Release|Any CPU
		{23222C5E-855D-4FDB-B7DF-485715F0EFA8}.Release|Any CPU.Build.0 = Release|Any CPU
	EndGlobalSection
	GlobalSection(SolutionProperties) = preSolution
		HideSolutionNode = FALSE
	EndGlobalSection
	GlobalSection(ExtensibilityGlobals) = postSolution
		SolutionGuid = {7AFFAC2E-D564-4E02-AA3C-C8D357D83295}
	EndGlobalSection
EndGlobal
