
Microsoft Visual Studio Solution File, Format Version 12.00
# Visual Studio Version 17
VisualStudioVersion = 17.11.35312.102
MinimumVisualStudioVersion = 10.0.40219.1
Project("{FAE04EC0-301F-11D3-BF4B-00C04F79EFBC}") = "User", "User\User.csproj", "{A7927C12-AD5D-4710-BA01-452DB34D0D61}"
EndProject
Project("{FAE04EC0-301F-11D3-BF4B-00C04F79EFBC}") = "Models", "Models\Models.csproj", "{56B30946-25B9-49B0-9072-B18BEE75697F}"
EndProject
Global
	GlobalSection(SolutionConfigurationPlatforms) = preSolution
		Debug|Any CPU = Debug|Any CPU
		Release|Any CPU = Release|Any CPU
	EndGlobalSection
	GlobalSection(ProjectConfigurationPlatforms) = postSolution
		{A7927C12-AD5D-4710-BA01-452DB34D0D61}.Debug|Any CPU.ActiveCfg = Debug|Any CPU
		{A7927C12-AD5D-4710-BA01-452DB34D0D61}.Debug|Any CPU.Build.0 = Debug|Any CPU
		{A7927C12-AD5D-4710-BA01-452DB34D0D61}.Release|Any CPU.ActiveCfg = Release|Any CPU
		{A7927C12-AD5D-4710-BA01-452DB34D0D61}.Release|Any CPU.Build.0 = Release|Any CPU
		{56B30946-25B9-49B0-9072-B18BEE75697F}.Debug|Any CPU.ActiveCfg = Debug|Any CPU
		{56B30946-25B9-49B0-9072-B18BEE75697F}.Debug|Any CPU.Build.0 = Debug|Any CPU
		{56B30946-25B9-49B0-9072-B18BEE75697F}.Release|Any CPU.ActiveCfg = Release|Any CPU
		{56B30946-25B9-49B0-9072-B18BEE75697F}.Release|Any CPU.Build.0 = Release|Any CPU
	EndGlobalSection
	GlobalSection(SolutionProperties) = preSolution
		HideSolutionNode = FALSE
	EndGlobalSection
	GlobalSection(ExtensibilityGlobals) = postSolution
		SolutionGuid = {900AEF20-BB0C-4B51-AC30-2FC13DB42D63}
	EndGlobalSection
EndGlobal
