
Microsoft Visual Studio Solution File, Format Version 12.00
# Visual Studio Version 17
VisualStudioVersion = 17.13.35931.197 d17.13
MinimumVisualStudioVersion = 10.0.40219.1
Project("{FAE04EC0-301F-11D3-BF4B-00C04F79EFBC}") = "JobEntryTemplate", "JobEntryTemplate\JobEntryTemplate.csproj", "{4ECD0980-2F31-490D-AA78-8F5937FDA3D0}"
EndProject
Global
	GlobalSection(SolutionConfigurationPlatforms) = preSolution
		Debug|Any CPU = Debug|Any CPU
		Release|Any CPU = Release|Any CPU
	EndGlobalSection
	GlobalSection(ProjectConfigurationPlatforms) = postSolution
		{4ECD0980-2F31-490D-AA78-8F5937FDA3D0}.Debug|Any CPU.ActiveCfg = Debug|Any CPU
		{4ECD0980-2F31-490D-AA78-8F5937FDA3D0}.Debug|Any CPU.Build.0 = Debug|Any CPU
		{4ECD0980-2F31-490D-AA78-8F5937FDA3D0}.Release|Any CPU.ActiveCfg = Release|Any CPU
		{4ECD0980-2F31-490D-AA78-8F5937FDA3D0}.Release|Any CPU.Build.0 = Release|Any CPU
	EndGlobalSection
	GlobalSection(SolutionProperties) = preSolution
		HideSolutionNode = FALSE
	EndGlobalSection
	GlobalSection(ExtensibilityGlobals) = postSolution
		SolutionGuid = {BB300614-015E-4FB0-8CF1-EEB947929829}
	EndGlobalSection
EndGlobal
