
Microsoft Visual Studio Solution File, Format Version 12.00
# Visual Studio Version 17
VisualStudioVersion = 17.13.35919.96 d17.13
MinimumVisualStudioVersion = 10.0.40219.1
Project("{FAE04EC0-301F-11D3-BF4B-00C04F79EFBC}") = "FileStreamHW", "FileStreamHW\FileStreamHW.csproj", "{1C360CBD-9ACF-4B27-9D7C-6EDFF5AEBE62}"
EndProject
Global
	GlobalSection(SolutionConfigurationPlatforms) = preSolution
		Debug|Any CPU = Debug|Any CPU
		Release|Any CPU = Release|Any CPU
	EndGlobalSection
	GlobalSection(ProjectConfigurationPlatforms) = postSolution
		{1C360CBD-9ACF-4B27-9D7C-6EDFF5AEBE62}.Debug|Any CPU.ActiveCfg = Debug|Any CPU
		{1C360CBD-9ACF-4B27-9D7C-6EDFF5AEBE62}.Debug|Any CPU.Build.0 = Debug|Any CPU
		{1C360CBD-9ACF-4B27-9D7C-6EDFF5AEBE62}.Release|Any CPU.ActiveCfg = Release|Any CPU
		{1C360CBD-9ACF-4B27-9D7C-6EDFF5AEBE62}.Release|Any CPU.Build.0 = Release|Any CPU
	EndGlobalSection
	GlobalSection(SolutionProperties) = preSolution
		HideSolutionNode = FALSE
	EndGlobalSection
	GlobalSection(ExtensibilityGlobals) = postSolution
		SolutionGuid = {243B97D0-F84E-4495-9E38-E1CA6404C6F6}
	EndGlobalSection
EndGlobal
